{
  "version": 4,
  "terraform_version": "1.1.2",
  "serial": 1,
  "lineage": "74f2aa57-5985-e3e5-1f09-f07a7fe6fe72",
  "outputs": {},
  "resources": [
    {
      "mode": "managed",
      "type": "aws_vpc",
      "name": "Ahmed-VPC",
      "provider": "provider[\"registry.terraform.io/hashicorp/aws\"]",
      "instances": [
        {
          "schema_version": 1,
          "attributes": {
            "arn": "arn:aws:ec2:eu-west-1:385543032329:vpc/vpc-0e68859864e51b3b5",
            "assign_generated_ipv6_cidr_block": false,
            "cidr_block": "10.0.0.0/16",
            "default_network_acl_id": "acl-068c692cc309d867f",
            "default_route_table_id": "rtb-0fc942056555fcc0f",
            "default_security_group_id": "sg-03630904500f79c94",
            "dhcp_options_id": "dopt-0e8d1836675c64314",
            "enable_classiclink": false,
            "enable_classiclink_dns_support": false,
            "enable_dns_hostnames": false,
            "enable_dns_support": true,
            "id": "vpc-0e68859864e51b3b5",
            "instance_tenancy": "default",
            "ipv4_ipam_pool_id": null,
            "ipv4_netmask_length": null,
            "ipv6_association_id": "",
            "ipv6_cidr_block": "",
            "ipv6_ipam_pool_id": null,
            "ipv6_netmask_length": null,
            "main_route_table_id": "rtb-0fc942056555fcc0f",
            "owner_id": "385543032329",
            "tags": {
              "Name": "This is the main VPC"
            },
            "tags_all": {
              "Name": "This is the main VPC"
            }
          },
          "sensitive_attributes": [],
          "private": "eyJzY2hlbWFfdmVyc2lvbiI6IjEifQ=="
        }
      ]
    }
  ]
}
